[[package]]
name = "autocorrect"
version = "2.5.1"
description = "Spelling Corrector"
category = "main"
optional = false
python-versions = ">=3.6"

[[package]]
name = "pyspellchecker"
version = "0.6.2"
description = "Pure python spell checker based on work by Peter Norvig"
category = "main"
optional = false
python-versions = "*"

[metadata]
lock-version = "1.1"
python-versions = "^3.8"
content-hash = "07e30de247b96eb2eaf678e7377a8cda4d39107bdbdbdf298d65cd3627a02155"

[metadata.files]
autocorrect = [
    {file = "autocorrect-2.5.1.tar.gz", hash = "sha256:f44103a71fed78bc349010e4ca4e8a791b058ecfcae491888488d6c47aa390ea"},
]
pyspellchecker = [
    {file = "pyspellchecker-0.6.2-py3-none-any.whl", hash = "sha256:218759d4166fd49dee5c0473da99792d9274aca495ded0d9594a0bd75e2831ca"},
    {file = "pyspellchecker-0.6.2.tar.gz", hash = "sha256:af6a1d0393a175499475a873f31e52135f1efd5fc912c979101b795b3c2ee77f"},
]
